
Microsoft Visual Studio Solution File, Format Version 12.00
# Visual Studio Version 17
VisualStudioVersion = 17.9.34902.65
MinimumVisualStudioVersion = 10.0.40219.1
Project("{FAE04EC0-301F-11D3-BF4B-00C04F79EFBC}") = "webapp.Server", "webapp.Server\webapp.Server.csproj", "{302456F2-179B-448C-9ECA-DB124A4235C5}"
EndProject
Project("{54A90642-561A-4BB1-A94E-469ADEE60C69}") = "webapp.client", "webapp.client\webapp.client.esproj", "{B2F0B176-526D-4518-96AA-DAE889C9DF01}"
EndProject
Global
	GlobalSection(SolutionConfigurationPlatforms) = preSolution
		Debug|Any CPU = Debug|Any CPU
		Release|Any CPU = Release|Any CPU
	EndGlobalSection
	GlobalSection(ProjectConfigurationPlatforms) = postSolution
		{302456F2-179B-448C-9ECA-DB124A4235C5}.Debug|Any CPU.ActiveCfg = Debug|Any CPU
		{302456F2-179B-448C-9ECA-DB124A4235C5}.Debug|Any CPU.Build.0 = Debug|Any CPU
		{302456F2-179B-448C-9ECA-DB124A4235C5}.Release|Any CPU.ActiveCfg = Release|Any CPU
		{302456F2-179B-448C-9ECA-DB124A4235C5}.Release|Any CPU.Build.0 = Release|Any CPU
		{B2F0B176-526D-4518-96AA-DAE889C9DF01}.Debug|Any CPU.ActiveCfg = Debug|Any CPU
		{B2F0B176-526D-4518-96AA-DAE889C9DF01}.Debug|Any CPU.Build.0 = Debug|Any CPU
		{B2F0B176-526D-4518-96AA-DAE889C9DF01}.Debug|Any CPU.Deploy.0 = Debug|Any CPU
		{B2F0B176-526D-4518-96AA-DAE889C9DF01}.Release|Any CPU.ActiveCfg = Release|Any CPU
		{B2F0B176-526D-4518-96AA-DAE889C9DF01}.Release|Any CPU.Build.0 = Release|Any CPU
		{B2F0B176-526D-4518-96AA-DAE889C9DF01}.Release|Any CPU.Deploy.0 = Release|Any CPU
	EndGlobalSection
	GlobalSection(SolutionProperties) = preSolution
		HideSolutionNode = FALSE
	EndGlobalSection
	GlobalSection(ExtensibilityGlobals) = postSolution
		SolutionGuid = {74F50D8D-245D-422B-B40B-C63ACB19CE82}
	EndGlobalSection
EndGlobal
