
Microsoft Visual Studio Solution File, Format Version 12.00
# Visual Studio Version 17
VisualStudioVersion = 17.9.34902.65
MinimumVisualStudioVersion = 10.0.40219.1
Project("{FAE04EC0-301F-11D3-BF4B-00C04F79EFBC}") = "Server", "Server.csproj", "{B9607A5F-229D-4DD7-9C2F-92C42E717DCA}"
EndProject
Global
	GlobalSection(SolutionConfigurationPlatforms) = preSolution
		Debug|Any CPU = Debug|Any CPU
		Release|Any CPU = Release|Any CPU
	EndGlobalSection
	GlobalSection(ProjectConfigurationPlatforms) = postSolution
		{B9607A5F-229D-4DD7-9C2F-92C42E717DCA}.Debug|Any CPU.ActiveCfg = Debug|Any CPU
		{B9607A5F-229D-4DD7-9C2F-92C42E717DCA}.Debug|Any CPU.Build.0 = Debug|Any CPU
		{B9607A5F-229D-4DD7-9C2F-92C42E717DCA}.Release|Any CPU.ActiveCfg = Release|Any CPU
		{B9607A5F-229D-4DD7-9C2F-92C42E717DCA}.Release|Any CPU.Build.0 = Release|Any CPU
	EndGlobalSection
	GlobalSection(SolutionProperties) = preSolution
		HideSolutionNode = FALSE
	EndGlobalSection
	GlobalSection(ExtensibilityGlobals) = postSolution
		SolutionGuid = {42DA6B6F-104B-4590-881F-7AB262E29CC6}
	EndGlobalSection
EndGlobal
